
Microsoft Visual Studio Solution File, Format Version 12.00
# Visual Studio Version 16
VisualStudioVersion = 16.0.30406.217
MinimumVisualStudioVersion = 10.0.40219.1
Project("{9A19103F-16F7-4668-BE54-9A1E7A4F7556}") = "LosslessStitcher.DependencyRoot", "LosslessStitcher.DependencyRoot\LosslessStitcher.DependencyRoot.csproj", "{CBC024CE-7C2B-41FA-8DF8-764A7C0123DA}"
EndProject
Project("{9A19103F-16F7-4668-BE54-9A1E7A4F7556}") = "LosslessStitcher.Base", "LosslessStitcher.Base\LosslessStitcher.Base.csproj", "{515793CA-3E0A-4A12-9324-F97973F12C6F}"
EndProject
Project("{9A19103F-16F7-4668-BE54-9A1E7A4F7556}") = "HashCodeUtility", "HashCodeUtility\HashCodeUtility.csproj", "{16DB027F-81F3-4BF4-A9FF-74E356D49F6D}"
EndProject
Project("{9A19103F-16F7-4668-BE54-9A1E7A4F7556}") = "BitwiseUtility", "BitwiseUtility\BitwiseUtility.csproj", "{5CC61B81-3A98-4986-AE11-1BF4947C484D}"
EndProject
Project("{9A19103F-16F7-4668-BE54-9A1E7A4F7556}") = "LosslessStitcher.Imaging", "LosslessStitcher.Imaging\LosslessStitcher.Imaging.csproj", "{C491E653-1EA8-4489-A436-1FF451DB1802}"
EndProject
Project("{FAE04EC0-301F-11D3-BF4B-00C04F79EFBC}") = "LosslessStitcher.Imaging.Abstract", "LosslessStitcher.Imaging.Abstract\LosslessStitcher.Imaging.Abstract.csproj", "{40D4798A-1B4B-4A10-AC56-386115BBD003}"
EndProject
Project("{FAE04EC0-301F-11D3-BF4B-00C04F79EFBC}") = "LosslessStitcher.Imaging.IO", "LosslessStitcher.Imaging.IO\LosslessStitcher.Imaging.IO.csproj", "{287B7D00-613D-46DD-B003-37B612B4230E}"
EndProject
Global
	GlobalSection(SolutionConfigurationPlatforms) = preSolution
		Debug|Any CPU = Debug|Any CPU
		Release|Any CPU = Release|Any CPU
	EndGlobalSection
	GlobalSection(ProjectConfigurationPlatforms) = postSolution
		{CBC024CE-7C2B-41FA-8DF8-764A7C0123DA}.Debug|Any CPU.ActiveCfg = Debug|Any CPU
		{CBC024CE-7C2B-41FA-8DF8-764A7C0123DA}.Debug|Any CPU.Build.0 = Debug|Any CPU
		{CBC024CE-7C2B-41FA-8DF8-764A7C0123DA}.Release|Any CPU.ActiveCfg = Release|Any CPU
		{CBC024CE-7C2B-41FA-8DF8-764A7C0123DA}.Release|Any CPU.Build.0 = Release|Any CPU
		{515793CA-3E0A-4A12-9324-F97973F12C6F}.Debug|Any CPU.ActiveCfg = Debug|Any CPU
		{515793CA-3E0A-4A12-9324-F97973F12C6F}.Debug|Any CPU.Build.0 = Debug|Any CPU
		{515793CA-3E0A-4A12-9324-F97973F12C6F}.Release|Any CPU.ActiveCfg = Release|Any CPU
		{515793CA-3E0A-4A12-9324-F97973F12C6F}.Release|Any CPU.Build.0 = Release|Any CPU
		{16DB027F-81F3-4BF4-A9FF-74E356D49F6D}.Debug|Any CPU.ActiveCfg = Debug|Any CPU
		{16DB027F-81F3-4BF4-A9FF-74E356D49F6D}.Debug|Any CPU.Build.0 = Debug|Any CPU
		{16DB027F-81F3-4BF4-A9FF-74E356D49F6D}.Release|Any CPU.ActiveCfg = Release|Any CPU
		{16DB027F-81F3-4BF4-A9FF-74E356D49F6D}.Release|Any CPU.Build.0 = Release|Any CPU
		{5CC61B81-3A98-4986-AE11-1BF4947C484D}.Debug|Any CPU.ActiveCfg = Debug|Any CPU
		{5CC61B81-3A98-4986-AE11-1BF4947C484D}.Debug|Any CPU.Build.0 = Debug|Any CPU
		{5CC61B81-3A98-4986-AE11-1BF4947C484D}.Release|Any CPU.ActiveCfg = Release|Any CPU
		{5CC61B81-3A98-4986-AE11-1BF4947C484D}.Release|Any CPU.Build.0 = Release|Any CPU
		{C491E653-1EA8-4489-A436-1FF451DB1802}.Debug|Any CPU.ActiveCfg = Debug|Any CPU
		{C491E653-1EA8-4489-A436-1FF451DB1802}.Debug|Any CPU.Build.0 = Debug|Any CPU
		{C491E653-1EA8-4489-A436-1FF451DB1802}.Release|Any CPU.ActiveCfg = Release|Any CPU
		{C491E653-1EA8-4489-A436-1FF451DB1802}.Release|Any CPU.Build.0 = Release|Any CPU
		{40D4798A-1B4B-4A10-AC56-386115BBD003}.Debug|Any CPU.ActiveCfg = Debug|Any CPU
		{40D4798A-1B4B-4A10-AC56-386115BBD003}.Debug|Any CPU.Build.0 = Debug|Any CPU
		{40D4798A-1B4B-4A10-AC56-386115BBD003}.Release|Any CPU.ActiveCfg = Release|Any CPU
		{40D4798A-1B4B-4A10-AC56-386115BBD003}.Release|Any CPU.Build.0 = Release|Any CPU
		{287B7D00-613D-46DD-B003-37B612B4230E}.Debug|Any CPU.ActiveCfg = Debug|Any CPU
		{287B7D00-613D-46DD-B003-37B612B4230E}.Debug|Any CPU.Build.0 = Debug|Any CPU
		{287B7D00-613D-46DD-B003-37B612B4230E}.Release|Any CPU.ActiveCfg = Release|Any CPU
		{287B7D00-613D-46DD-B003-37B612B4230E}.Release|Any CPU.Build.0 = Release|Any CPU
	EndGlobalSection
	GlobalSection(SolutionProperties) = preSolution
		HideSolutionNode = FALSE
	EndGlobalSection
	GlobalSection(ExtensibilityGlobals) = postSolution
		SolutionGuid = {2264ADE7-2048-401E-BB14-BD6BDBAF96C9}
	EndGlobalSection
EndGlobal
