
Microsoft Visual Studio Solution File, Format Version 12.00
# Visual Studio Version 16
VisualStudioVersion = 16.0.30406.217
MinimumVisualStudioVersion = 10.0.40219.1
Project("{9A19103F-16F7-4668-BE54-9A1E7A4F7556}") = "LosslessStitcher.DependencyRoot", "LosslessStitcher.DependencyRoot\LosslessStitcher.DependencyRoot.csproj", "{CBC024CE-7C2B-41FA-8DF8-764A7C0123DA}"
EndProject
Project("{9A19103F-16F7-4668-BE54-9A1E7A4F7556}") = "LosslessStitcher.Base", "LosslessStitcher.Base\LosslessStitcher.Base.csproj", "{515793CA-3E0A-4A12-9324-F97973F12C6F}"
EndProject
Project("{9A19103F-16F7-4668-BE54-9A1E7A4F7556}") = "HashCodeUtility", "HashCodeUtility\HashCodeUtility.csproj", "{16DB027F-81F3-4BF4-A9FF-74E356D49F6D}"
EndProject
Project("{9A19103F-16F7-4668-BE54-9A1E7A4F7556}") = "BitwiseUtility", "BitwiseUtility\BitwiseUtility.csproj", "{5CC61B81-3A98-4986-AE11-1BF4947C484D}"
EndProject
Project("{9A19103F-16F7-4668-BE54-9A1E7A4F7556}") = "LosslessStitcher.Imaging", "LosslessStitcher.Imaging\LosslessStitcher.Imaging.csproj", "{C491E653-1EA8-4489-A436-1FF451DB1802}"
EndProject
Project("{9A19103F-16F7-4668-BE54-9A1E7A4F7556}") = "LosslessStitcher.Imaging.Abstract", "LosslessStitcher.Imaging.Abstract\LosslessStitcher.Imaging.Abstract.csproj", "{40D4798A-1B4B-4A10-AC56-386115BBD003}"
EndProject
Project("{FAE04EC0-301F-11D3-BF4B-00C04F79EFBC}") = "LosslessStitcher.Imaging.IO", "LosslessStitcher.Imaging.IO\LosslessStitcher.Imaging.IO.csproj", "{287B7D00-613D-46DD-B003-37B612B4230E}"
EndProject
Project("{9A19103F-16F7-4668-BE54-9A1E7A4F7556}") = "LosslessStitcher.Imaging.IO.Tests", "LosslessStitcher.Imaging.IO.Tests\LosslessStitcher.Imaging.IO.Tests.csproj", "{D926C7AD-DAB1-4064-9BC9-8734FEAB6DD4}"
EndProject
Project("{9A19103F-16F7-4668-BE54-9A1E7A4F7556}") = "LosslessStitcher.Imaging.IO.DotNetCore", "LosslessStitcher.Imaging.IO.DotNetCore\LosslessStitcher.Imaging.IO.DotNetCore.csproj", "{DAC34DBA-AE8A-4C79-A169-3F13A57B948D}"
EndProject
Project("{D954291E-2A0B-460D-934E-DC6B0785DB48}") = "LosslessStitcher.Imaging.IO.Shared", "LosslessStitcher.Imaging.IO.Shared\LosslessStitcher.Imaging.IO.Shared.shproj", "{743C756F-63E0-4F88-9241-1F365FDA018B}"
EndProject
Project("{9A19103F-16F7-4668-BE54-9A1E7A4F7556}") = "LosslessStitcher.Imaging.Hash2D", "LosslessStitcher.Imaging.Hash2D\LosslessStitcher.Imaging.Hash2D.csproj", "{01EFA9E1-F7E5-47E5-A133-9065BFB9DBD6}"
EndProject
Project("{9A19103F-16F7-4668-BE54-9A1E7A4F7556}") = "LosslessStitcher.Imaging.Hash2D.Tests", "LosslessStitcher.Imaging.Hash2D.Tests\LosslessStitcher.Imaging.Hash2D.Tests.csproj", "{011E43BC-3F78-448D-B927-6B5B633FCD55}"
EndProject
Project("{9A19103F-16F7-4668-BE54-9A1E7A4F7556}") = "LosslessStitcher.Imaging.Hash2D.Simple", "LosslessStitcher.Imaging.Hash2D.Simple\LosslessStitcher.Imaging.Hash2D.Simple.csproj", "{B9912376-4B7A-41E8-AF09-8293EE1660A5}"
EndProject
Project("{9A19103F-16F7-4668-BE54-9A1E7A4F7556}") = "LosslessStitcher.Functional", "LosslessStitcher.Functional\LosslessStitcher.Functional.csproj", "{F12F7FE7-4246-41D1-B890-780A897B13C6}"
EndProject
Project("{9A19103F-16F7-4668-BE54-9A1E7A4F7556}") = "LosslessStitcher.Imaging.Hash2D.Abstract", "LosslessStitcher.Imaging.Hash2D.Abstract\LosslessStitcher.Imaging.Hash2D.Abstract.csproj", "{C520E458-D940-4F57-9525-52E71A77FDD6}"
EndProject
Project("{9A19103F-16F7-4668-BE54-9A1E7A4F7556}") = "CollectionsUtility", "CollectionsUtility\CollectionsUtility.csproj", "{4F9DFE92-B2A1-408B-93DB-42BFB918A3B7}"
EndProject
Project("{9A19103F-16F7-4668-BE54-9A1E7A4F7556}") = "CollectionsUtility.Tests", "CollectionsUtility.Tests\CollectionsUtility.Tests.csproj", "{B5A37855-E38F-43D3-8009-CBC0DC9B8269}"
EndProject
Project("{9A19103F-16F7-4668-BE54-9A1E7A4F7556}") = "LosslessStitcher.Tracking", "LosslessStitcher.Tracking\LosslessStitcher.Tracking.csproj", "{178437F5-59D0-4E70-A83B-FAAA1B046613}"
EndProject
Project("{9A19103F-16F7-4668-BE54-9A1E7A4F7556}") = "CollectionsUtility.Abstract", "CollectionsUtility.Abstract\CollectionsUtility.Abstract.csproj", "{6E0DFEEB-491E-4C3A-A206-3C27303A998B}"
EndProject
Project("{9A19103F-16F7-4668-BE54-9A1E7A4F7556}") = "LosslessStitcher.Spatial", "LosslessStitcher.Spatial\LosslessStitcher.Spatial.csproj", "{C4796932-94A9-4ACA-A849-4528300F4895}"
EndProject
Project("{9A19103F-16F7-4668-BE54-9A1E7A4F7556}") = "LosslessStitcher.Spatial.Abstract", "LosslessStitcher.Spatial.Abstract\LosslessStitcher.Spatial.Abstract.csproj", "{2C546593-3853-4C57-8C37-B8DCFCD3DA7E}"
EndProject
Project("{2150E333-8FDC-42A3-9474-1A3956D46DE8}") = "Solution Items", "Solution Items", "{1E2FD68A-2CC8-4D33-9183-447936B8695E}"
	ProjectSection(SolutionItems) = preProject
		List_of_documentations.md = List_of_documentations.md
		README.md = README.md
	EndProjectSection
EndProject
Project("{FAE04EC0-301F-11D3-BF4B-00C04F79EFBC}") = "LosslessStitcher.Spatial.Tests", "LosslessStitcher.Spatial.Tests\LosslessStitcher.Spatial.Tests.csproj", "{3F9207E3-B3CE-4FD9-8926-C3C5F302E60E}"
EndProject
Global
	GlobalSection(SharedMSBuildProjectFiles) = preSolution
		LosslessStitcher.Imaging.IO.Shared\LosslessStitcher.Imaging.IO.Shared.projitems*{287b7d00-613d-46dd-b003-37b612b4230e}*SharedItemsImports = 4
		LosslessStitcher.Imaging.IO.Shared\LosslessStitcher.Imaging.IO.Shared.projitems*{743c756f-63e0-4f88-9241-1f365fda018b}*SharedItemsImports = 13
		LosslessStitcher.Imaging.IO.Shared\LosslessStitcher.Imaging.IO.Shared.projitems*{dac34dba-ae8a-4c79-a169-3f13a57b948d}*SharedItemsImports = 5
	EndGlobalSection
	GlobalSection(SolutionConfigurationPlatforms) = preSolution
		Debug|Any CPU = Debug|Any CPU
		Release|Any CPU = Release|Any CPU
	EndGlobalSection
	GlobalSection(ProjectConfigurationPlatforms) = postSolution
		{CBC024CE-7C2B-41FA-8DF8-764A7C0123DA}.Debug|Any CPU.ActiveCfg = Debug|Any CPU
		{CBC024CE-7C2B-41FA-8DF8-764A7C0123DA}.Debug|Any CPU.Build.0 = Debug|Any CPU
		{CBC024CE-7C2B-41FA-8DF8-764A7C0123DA}.Release|Any CPU.ActiveCfg = Release|Any CPU
		{CBC024CE-7C2B-41FA-8DF8-764A7C0123DA}.Release|Any CPU.Build.0 = Release|Any CPU
		{515793CA-3E0A-4A12-9324-F97973F12C6F}.Debug|Any CPU.ActiveCfg = Debug|Any CPU
		{515793CA-3E0A-4A12-9324-F97973F12C6F}.Debug|Any CPU.Build.0 = Debug|Any CPU
		{515793CA-3E0A-4A12-9324-F97973F12C6F}.Release|Any CPU.ActiveCfg = Release|Any CPU
		{515793CA-3E0A-4A12-9324-F97973F12C6F}.Release|Any CPU.Build.0 = Release|Any CPU
		{16DB027F-81F3-4BF4-A9FF-74E356D49F6D}.Debug|Any CPU.ActiveCfg = Debug|Any CPU
		{16DB027F-81F3-4BF4-A9FF-74E356D49F6D}.Debug|Any CPU.Build.0 = Debug|Any CPU
		{16DB027F-81F3-4BF4-A9FF-74E356D49F6D}.Release|Any CPU.ActiveCfg = Release|Any CPU
		{16DB027F-81F3-4BF4-A9FF-74E356D49F6D}.Release|Any CPU.Build.0 = Release|Any CPU
		{5CC61B81-3A98-4986-AE11-1BF4947C484D}.Debug|Any CPU.ActiveCfg = Debug|Any CPU
		{5CC61B81-3A98-4986-AE11-1BF4947C484D}.Debug|Any CPU.Build.0 = Debug|Any CPU
		{5CC61B81-3A98-4986-AE11-1BF4947C484D}.Release|Any CPU.ActiveCfg = Release|Any CPU
		{5CC61B81-3A98-4986-AE11-1BF4947C484D}.Release|Any CPU.Build.0 = Release|Any CPU
		{C491E653-1EA8-4489-A436-1FF451DB1802}.Debug|Any CPU.ActiveCfg = Debug|Any CPU
		{C491E653-1EA8-4489-A436-1FF451DB1802}.Debug|Any CPU.Build.0 = Debug|Any CPU
		{C491E653-1EA8-4489-A436-1FF451DB1802}.Release|Any CPU.ActiveCfg = Release|Any CPU
		{C491E653-1EA8-4489-A436-1FF451DB1802}.Release|Any CPU.Build.0 = Release|Any CPU
		{40D4798A-1B4B-4A10-AC56-386115BBD003}.Debug|Any CPU.ActiveCfg = Debug|Any CPU
		{40D4798A-1B4B-4A10-AC56-386115BBD003}.Debug|Any CPU.Build.0 = Debug|Any CPU
		{40D4798A-1B4B-4A10-AC56-386115BBD003}.Release|Any CPU.ActiveCfg = Release|Any CPU
		{40D4798A-1B4B-4A10-AC56-386115BBD003}.Release|Any CPU.Build.0 = Release|Any CPU
		{287B7D00-613D-46DD-B003-37B612B4230E}.Debug|Any CPU.ActiveCfg = Debug|Any CPU
		{287B7D00-613D-46DD-B003-37B612B4230E}.Debug|Any CPU.Build.0 = Debug|Any CPU
		{287B7D00-613D-46DD-B003-37B612B4230E}.Release|Any CPU.ActiveCfg = Release|Any CPU
		{287B7D00-613D-46DD-B003-37B612B4230E}.Release|Any CPU.Build.0 = Release|Any CPU
		{D926C7AD-DAB1-4064-9BC9-8734FEAB6DD4}.Debug|Any CPU.ActiveCfg = Debug|Any CPU
		{D926C7AD-DAB1-4064-9BC9-8734FEAB6DD4}.Debug|Any CPU.Build.0 = Debug|Any CPU
		{D926C7AD-DAB1-4064-9BC9-8734FEAB6DD4}.Release|Any CPU.ActiveCfg = Release|Any CPU
		{D926C7AD-DAB1-4064-9BC9-8734FEAB6DD4}.Release|Any CPU.Build.0 = Release|Any CPU
		{DAC34DBA-AE8A-4C79-A169-3F13A57B948D}.Debug|Any CPU.ActiveCfg = Debug|Any CPU
		{DAC34DBA-AE8A-4C79-A169-3F13A57B948D}.Debug|Any CPU.Build.0 = Debug|Any CPU
		{DAC34DBA-AE8A-4C79-A169-3F13A57B948D}.Release|Any CPU.ActiveCfg = Release|Any CPU
		{DAC34DBA-AE8A-4C79-A169-3F13A57B948D}.Release|Any CPU.Build.0 = Release|Any CPU
		{01EFA9E1-F7E5-47E5-A133-9065BFB9DBD6}.Debug|Any CPU.ActiveCfg = Debug|Any CPU
		{01EFA9E1-F7E5-47E5-A133-9065BFB9DBD6}.Debug|Any CPU.Build.0 = Debug|Any CPU
		{01EFA9E1-F7E5-47E5-A133-9065BFB9DBD6}.Release|Any CPU.ActiveCfg = Release|Any CPU
		{01EFA9E1-F7E5-47E5-A133-9065BFB9DBD6}.Release|Any CPU.Build.0 = Release|Any CPU
		{011E43BC-3F78-448D-B927-6B5B633FCD55}.Debug|Any CPU.ActiveCfg = Debug|Any CPU
		{011E43BC-3F78-448D-B927-6B5B633FCD55}.Debug|Any CPU.Build.0 = Debug|Any CPU
		{011E43BC-3F78-448D-B927-6B5B633FCD55}.Release|Any CPU.ActiveCfg = Release|Any CPU
		{011E43BC-3F78-448D-B927-6B5B633FCD55}.Release|Any CPU.Build.0 = Release|Any CPU
		{B9912376-4B7A-41E8-AF09-8293EE1660A5}.Debug|Any CPU.ActiveCfg = Debug|Any CPU
		{B9912376-4B7A-41E8-AF09-8293EE1660A5}.Debug|Any CPU.Build.0 = Debug|Any CPU
		{B9912376-4B7A-41E8-AF09-8293EE1660A5}.Release|Any CPU.ActiveCfg = Release|Any CPU
		{B9912376-4B7A-41E8-AF09-8293EE1660A5}.Release|Any CPU.Build.0 = Release|Any CPU
		{F12F7FE7-4246-41D1-B890-780A897B13C6}.Debug|Any CPU.ActiveCfg = Debug|Any CPU
		{F12F7FE7-4246-41D1-B890-780A897B13C6}.Debug|Any CPU.Build.0 = Debug|Any CPU
		{F12F7FE7-4246-41D1-B890-780A897B13C6}.Release|Any CPU.ActiveCfg = Release|Any CPU
		{F12F7FE7-4246-41D1-B890-780A897B13C6}.Release|Any CPU.Build.0 = Release|Any CPU
		{C520E458-D940-4F57-9525-52E71A77FDD6}.Debug|Any CPU.ActiveCfg = Debug|Any CPU
		{C520E458-D940-4F57-9525-52E71A77FDD6}.Debug|Any CPU.Build.0 = Debug|Any CPU
		{C520E458-D940-4F57-9525-52E71A77FDD6}.Release|Any CPU.ActiveCfg = Release|Any CPU
		{C520E458-D940-4F57-9525-52E71A77FDD6}.Release|Any CPU.Build.0 = Release|Any CPU
		{4F9DFE92-B2A1-408B-93DB-42BFB918A3B7}.Debug|Any CPU.ActiveCfg = Debug|Any CPU
		{4F9DFE92-B2A1-408B-93DB-42BFB918A3B7}.Debug|Any CPU.Build.0 = Debug|Any CPU
		{4F9DFE92-B2A1-408B-93DB-42BFB918A3B7}.Release|Any CPU.ActiveCfg = Release|Any CPU
		{4F9DFE92-B2A1-408B-93DB-42BFB918A3B7}.Release|Any CPU.Build.0 = Release|Any CPU
		{B5A37855-E38F-43D3-8009-CBC0DC9B8269}.Debug|Any CPU.ActiveCfg = Debug|Any CPU
		{B5A37855-E38F-43D3-8009-CBC0DC9B8269}.Debug|Any CPU.Build.0 = Debug|Any CPU
		{B5A37855-E38F-43D3-8009-CBC0DC9B8269}.Release|Any CPU.ActiveCfg = Release|Any CPU
		{B5A37855-E38F-43D3-8009-CBC0DC9B8269}.Release|Any CPU.Build.0 = Release|Any CPU
		{178437F5-59D0-4E70-A83B-FAAA1B046613}.Debug|Any CPU.ActiveCfg = Debug|Any CPU
		{178437F5-59D0-4E70-A83B-FAAA1B046613}.Debug|Any CPU.Build.0 = Debug|Any CPU
		{178437F5-59D0-4E70-A83B-FAAA1B046613}.Release|Any CPU.ActiveCfg = Release|Any CPU
		{178437F5-59D0-4E70-A83B-FAAA1B046613}.Release|Any CPU.Build.0 = Release|Any CPU
		{6E0DFEEB-491E-4C3A-A206-3C27303A998B}.Debug|Any CPU.ActiveCfg = Debug|Any CPU
		{6E0DFEEB-491E-4C3A-A206-3C27303A998B}.Debug|Any CPU.Build.0 = Debug|Any CPU
		{6E0DFEEB-491E-4C3A-A206-3C27303A998B}.Release|Any CPU.ActiveCfg = Release|Any CPU
		{6E0DFEEB-491E-4C3A-A206-3C27303A998B}.Release|Any CPU.Build.0 = Release|Any CPU
		{C4796932-94A9-4ACA-A849-4528300F4895}.Debug|Any CPU.ActiveCfg = Debug|Any CPU
		{C4796932-94A9-4ACA-A849-4528300F4895}.Debug|Any CPU.Build.0 = Debug|Any CPU
		{C4796932-94A9-4ACA-A849-4528300F4895}.Release|Any CPU.ActiveCfg = Release|Any CPU
		{C4796932-94A9-4ACA-A849-4528300F4895}.Release|Any CPU.Build.0 = Release|Any CPU
		{2C546593-3853-4C57-8C37-B8DCFCD3DA7E}.Debug|Any CPU.ActiveCfg = Debug|Any CPU
		{2C546593-3853-4C57-8C37-B8DCFCD3DA7E}.Debug|Any CPU.Build.0 = Debug|Any CPU
		{2C546593-3853-4C57-8C37-B8DCFCD3DA7E}.Release|Any CPU.ActiveCfg = Release|Any CPU
		{2C546593-3853-4C57-8C37-B8DCFCD3DA7E}.Release|Any CPU.Build.0 = Release|Any CPU
		{3F9207E3-B3CE-4FD9-8926-C3C5F302E60E}.Debug|Any CPU.ActiveCfg = Debug|Any CPU
		{3F9207E3-B3CE-4FD9-8926-C3C5F302E60E}.Debug|Any CPU.Build.0 = Debug|Any CPU
		{3F9207E3-B3CE-4FD9-8926-C3C5F302E60E}.Release|Any CPU.ActiveCfg = Release|Any CPU
		{3F9207E3-B3CE-4FD9-8926-C3C5F302E60E}.Release|Any CPU.Build.0 = Release|Any CPU
	EndGlobalSection
	GlobalSection(SolutionProperties) = preSolution
		HideSolutionNode = FALSE
	EndGlobalSection
	GlobalSection(ExtensibilityGlobals) = postSolution
		SolutionGuid = {2264ADE7-2048-401E-BB14-BD6BDBAF96C9}
	EndGlobalSection
EndGlobal
